
Microsoft Visual Studio Solution File, Format Version 12.00
# Visual Studio Version 17
VisualStudioVersion = 17.6.33815.320
MinimumVisualStudioVersion = 10.0.40219.1
Project("{FAE04EC0-301F-11D3-BF4B-00C04F79EFBC}") = "advent_of_code_23", "advent_of_code_23.csproj", "{8F86E09D-9629-4A30-8F7E-25A236A7678C}"
EndProject
Global
	GlobalSection(SolutionConfigurationPlatforms) = preSolution
		Debug|Any CPU = Debug|Any CPU
		Release|Any CPU = Release|Any CPU
	EndGlobalSection
	GlobalSection(ProjectConfigurationPlatforms) = postSolution
		{8F86E09D-9629-4A30-8F7E-25A236A7678C}.Debug|Any CPU.ActiveCfg = Debug|Any CPU
		{8F86E09D-9629-4A30-8F7E-25A236A7678C}.Debug|Any CPU.Build.0 = Debug|Any CPU
		{8F86E09D-9629-4A30-8F7E-25A236A7678C}.Release|Any CPU.ActiveCfg = Release|Any CPU
		{8F86E09D-9629-4A30-8F7E-25A236A7678C}.Release|Any CPU.Build.0 = Release|Any CPU
	EndGlobalSection
	GlobalSection(SolutionProperties) = preSolution
		HideSolutionNode = FALSE
	EndGlobalSection
	GlobalSection(ExtensibilityGlobals) = postSolution
		SolutionGuid = {5E74F38A-A9D2-43E6-ACFF-3BFFE98E8036}
	EndGlobalSection
EndGlobal
